
Microsoft Visual Studio Solution File, Format Version 12.00
# Visual Studio 15
VisualStudioVersion = 15.0.26403.7
MinimumVisualStudioVersion = 10.0.40219.1
Project("{FAE04EC0-301F-11D3-BF4B-00C04F79EFBC}") = "AdemCatamak.Utilities", "AdemCatamak.Utilities\AdemCatamak.Utilities.csproj", "{D3A54B8B-F0D8-4B76-82DF-6CFF52E42CCC}"
EndProject
Project("{FAE04EC0-301F-11D3-BF4B-00C04F79EFBC}") = "AdemCatamak.Utilities.UnitTest", "AdemCatamak.Utilities.UnitTest\AdemCatamak.Utilities.UnitTest.csproj", "{566335C9-08E7-4789-938C-3BC00969F00E}"
EndProject
Global
	GlobalSection(SolutionConfigurationPlatforms) = preSolution
		Debug|Any CPU = Debug|Any CPU
		Release|Any CPU = Release|Any CPU
	EndGlobalSection
	GlobalSection(ProjectConfigurationPlatforms) = postSolution
		{D3A54B8B-F0D8-4B76-82DF-6CFF52E42CCC}.Debug|Any CPU.ActiveCfg = Debug|Any CPU
		{D3A54B8B-F0D8-4B76-82DF-6CFF52E42CCC}.Debug|Any CPU.Build.0 = Debug|Any CPU
		{D3A54B8B-F0D8-4B76-82DF-6CFF52E42CCC}.Release|Any CPU.ActiveCfg = Release|Any CPU
		{D3A54B8B-F0D8-4B76-82DF-6CFF52E42CCC}.Release|Any CPU.Build.0 = Release|Any CPU
		{566335C9-08E7-4789-938C-3BC00969F00E}.Debug|Any CPU.ActiveCfg = Debug|Any CPU
		{566335C9-08E7-4789-938C-3BC00969F00E}.Debug|Any CPU.Build.0 = Debug|Any CPU
		{566335C9-08E7-4789-938C-3BC00969F00E}.Release|Any CPU.ActiveCfg = Release|Any CPU
		{566335C9-08E7-4789-938C-3BC00969F00E}.Release|Any CPU.Build.0 = Release|Any CPU
	EndGlobalSection
	GlobalSection(SolutionProperties) = preSolution
		HideSolutionNode = FALSE
	EndGlobalSection
EndGlobal
