
Microsoft Visual Studio Solution File, Format Version 12.00
# Visual Studio 15
VisualStudioVersion = 15.0.27004.2010
MinimumVisualStudioVersion = 10.0.40219.1
Project("{2150E333-8FDC-42A3-9474-1A3956D46DE8}") = "Solution Items", "Solution Items", "{CCB3E073-12A0-449D-B83F-8936DEAE2E35}"
	ProjectSection(SolutionItems) = preProject
		.gitattributes = .gitattributes
		.gitignore = .gitignore
		appveyor.yml = appveyor.yml
		build.cake = build.cake
		build.ps1 = build.ps1
		build.sh = build.sh
		CONTRIBUTING.md = CONTRIBUTING.md
		Jenkinsfile = Jenkinsfile
		LICENSE = LICENSE
		NuGet.config = NuGet.config
		README.md = README.md
	EndProjectSection
EndProject
Project("{9A19103F-16F7-4668-BE54-9A1E7A4F7556}") = "Alternatives.CollectionExtensions", "Alternatives.CollectionExtensions\Alternatives.CollectionExtensions.csproj", "{0A0DDF9F-3A6F-4235-9188-265EABCBA61D}"
EndProject
Project("{9A19103F-16F7-4668-BE54-9A1E7A4F7556}") = "Alternatives.ConversionExtensions", "Alternatives.ConversionExtensions\Alternatives.ConversionExtensions.csproj", "{5291CBDA-03F1-4886-94FB-88C3969EF62E}"
EndProject
Project("{9A19103F-16F7-4668-BE54-9A1E7A4F7556}") = "Alternatives.ReflectionExtensions", "Alternatives.ReflectionExtensions\Alternatives.ReflectionExtensions.csproj", "{8C75FFE7-DB0E-45C5-A578-1C91D3D3237B}"
EndProject
Project("{9A19103F-16F7-4668-BE54-9A1E7A4F7556}") = "Alternatives", "Alternatives\Alternatives.csproj", "{68ED231B-0EE6-42B0-9F88-F696F5870F2A}"
EndProject
Project("{9A19103F-16F7-4668-BE54-9A1E7A4F7556}") = "Alternatives.Crypto", "Alternatives.Crypto\Alternatives.Crypto.csproj", "{9CB6E921-1636-4DD6-8B01-8D3E95AC4642}"
EndProject
Project("{2150E333-8FDC-42A3-9474-1A3956D46DE8}") = "Test", "Test", "{24377374-DE56-411A-8E00-7EE87E769CE9}"
EndProject
Project("{9A19103F-16F7-4668-BE54-9A1E7A4F7556}") = "Alternatives.CollectionExtensionsTests", "Alternatives.CollectionExtensionsTests\Alternatives.CollectionExtensionsTests.csproj", "{A5512014-5E1D-4959-A782-F6C3877D3A24}"
EndProject
Project("{9A19103F-16F7-4668-BE54-9A1E7A4F7556}") = "Alternatives.ConversionExtensionsTests", "Alternatives.ConversionExtensionsTests\Alternatives.ConversionExtensionsTests.csproj", "{23DDFBD9-8F12-42AC-BB32-E740D90AE5C5}"
EndProject
Project("{9A19103F-16F7-4668-BE54-9A1E7A4F7556}") = "Alternatives.CryptoTests", "Alternatives.CryptoTests\Alternatives.CryptoTests.csproj", "{44FE86A2-4D0A-41F7-82C8-C8186FDA7182}"
EndProject
Project("{9A19103F-16F7-4668-BE54-9A1E7A4F7556}") = "Alternatives.ReflectionExtensionsTests", "Alternatives.ReflectionExtensionsTests\Alternatives.ReflectionExtensionsTests.csproj", "{5A6EB6BE-350F-4751-94BE-2D1BFCEAA987}"
EndProject
Project("{9A19103F-16F7-4668-BE54-9A1E7A4F7556}") = "AlternativesTests", "AlternativesTests\AlternativesTests.csproj", "{E344A16C-3C11-44D2-91B1-623ACB116D55}"
EndProject
Project("{9A19103F-16F7-4668-BE54-9A1E7A4F7556}") = "Alternatives.DynamicFilter", "Alternatives.DynamicFilter\Alternatives.DynamicFilter.csproj", "{4CC279CF-CED1-4C21-AD86-CDE2AA2A96F8}"
EndProject
Project("{9A19103F-16F7-4668-BE54-9A1E7A4F7556}") = "Alternatives.DynamicFilterTests", "Alternatives.DynamicFilterTests\Alternatives.DynamicFilterTests.csproj", "{C4E098CD-4E32-4BF7-92F3-8E52C0E64FCF}"
EndProject
Global
	GlobalSection(SolutionConfigurationPlatforms) = preSolution
		Debug|Any CPU = Debug|Any CPU
		Release|Any CPU = Release|Any CPU
	EndGlobalSection
	GlobalSection(ProjectConfigurationPlatforms) = postSolution
		{0A0DDF9F-3A6F-4235-9188-265EABCBA61D}.Debug|Any CPU.ActiveCfg = Debug|Any CPU
		{0A0DDF9F-3A6F-4235-9188-265EABCBA61D}.Debug|Any CPU.Build.0 = Debug|Any CPU
		{0A0DDF9F-3A6F-4235-9188-265EABCBA61D}.Release|Any CPU.ActiveCfg = Release|Any CPU
		{0A0DDF9F-3A6F-4235-9188-265EABCBA61D}.Release|Any CPU.Build.0 = Release|Any CPU
		{5291CBDA-03F1-4886-94FB-88C3969EF62E}.Debug|Any CPU.ActiveCfg = Debug|Any CPU
		{5291CBDA-03F1-4886-94FB-88C3969EF62E}.Debug|Any CPU.Build.0 = Debug|Any CPU
		{5291CBDA-03F1-4886-94FB-88C3969EF62E}.Release|Any CPU.ActiveCfg = Release|Any CPU
		{5291CBDA-03F1-4886-94FB-88C3969EF62E}.Release|Any CPU.Build.0 = Release|Any CPU
		{8C75FFE7-DB0E-45C5-A578-1C91D3D3237B}.Debug|Any CPU.ActiveCfg = Debug|Any CPU
		{8C75FFE7-DB0E-45C5-A578-1C91D3D3237B}.Debug|Any CPU.Build.0 = Debug|Any CPU
		{8C75FFE7-DB0E-45C5-A578-1C91D3D3237B}.Release|Any CPU.ActiveCfg = Release|Any CPU
		{8C75FFE7-DB0E-45C5-A578-1C91D3D3237B}.Release|Any CPU.Build.0 = Release|Any CPU
		{68ED231B-0EE6-42B0-9F88-F696F5870F2A}.Debug|Any CPU.ActiveCfg = Debug|Any CPU
		{68ED231B-0EE6-42B0-9F88-F696F5870F2A}.Debug|Any CPU.Build.0 = Debug|Any CPU
		{68ED231B-0EE6-42B0-9F88-F696F5870F2A}.Release|Any CPU.ActiveCfg = Release|Any CPU
		{68ED231B-0EE6-42B0-9F88-F696F5870F2A}.Release|Any CPU.Build.0 = Release|Any CPU
		{9CB6E921-1636-4DD6-8B01-8D3E95AC4642}.Debug|Any CPU.ActiveCfg = Debug|Any CPU
		{9CB6E921-1636-4DD6-8B01-8D3E95AC4642}.Debug|Any CPU.Build.0 = Debug|Any CPU
		{9CB6E921-1636-4DD6-8B01-8D3E95AC4642}.Release|Any CPU.ActiveCfg = Release|Any CPU
		{9CB6E921-1636-4DD6-8B01-8D3E95AC4642}.Release|Any CPU.Build.0 = Release|Any CPU
		{A5512014-5E1D-4959-A782-F6C3877D3A24}.Debug|Any CPU.ActiveCfg = Debug|Any CPU
		{A5512014-5E1D-4959-A782-F6C3877D3A24}.Debug|Any CPU.Build.0 = Debug|Any CPU
		{A5512014-5E1D-4959-A782-F6C3877D3A24}.Release|Any CPU.ActiveCfg = Release|Any CPU
		{A5512014-5E1D-4959-A782-F6C3877D3A24}.Release|Any CPU.Build.0 = Release|Any CPU
		{23DDFBD9-8F12-42AC-BB32-E740D90AE5C5}.Debug|Any CPU.ActiveCfg = Debug|Any CPU
		{23DDFBD9-8F12-42AC-BB32-E740D90AE5C5}.Debug|Any CPU.Build.0 = Debug|Any CPU
		{23DDFBD9-8F12-42AC-BB32-E740D90AE5C5}.Release|Any CPU.ActiveCfg = Release|Any CPU
		{23DDFBD9-8F12-42AC-BB32-E740D90AE5C5}.Release|Any CPU.Build.0 = Release|Any CPU
		{44FE86A2-4D0A-41F7-82C8-C8186FDA7182}.Debug|Any CPU.ActiveCfg = Debug|Any CPU
		{44FE86A2-4D0A-41F7-82C8-C8186FDA7182}.Debug|Any CPU.Build.0 = Debug|Any CPU
		{44FE86A2-4D0A-41F7-82C8-C8186FDA7182}.Release|Any CPU.ActiveCfg = Release|Any CPU
		{44FE86A2-4D0A-41F7-82C8-C8186FDA7182}.Release|Any CPU.Build.0 = Release|Any CPU
		{5A6EB6BE-350F-4751-94BE-2D1BFCEAA987}.Debug|Any CPU.ActiveCfg = Debug|Any CPU
		{5A6EB6BE-350F-4751-94BE-2D1BFCEAA987}.Debug|Any CPU.Build.0 = Debug|Any CPU
		{5A6EB6BE-350F-4751-94BE-2D1BFCEAA987}.Release|Any CPU.ActiveCfg = Release|Any CPU
		{5A6EB6BE-350F-4751-94BE-2D1BFCEAA987}.Release|Any CPU.Build.0 = Release|Any CPU
		{E344A16C-3C11-44D2-91B1-623ACB116D55}.Debug|Any CPU.ActiveCfg = Debug|Any CPU
		{E344A16C-3C11-44D2-91B1-623ACB116D55}.Debug|Any CPU.Build.0 = Debug|Any CPU
		{E344A16C-3C11-44D2-91B1-623ACB116D55}.Release|Any CPU.ActiveCfg = Release|Any CPU
		{E344A16C-3C11-44D2-91B1-623ACB116D55}.Release|Any CPU.Build.0 = Release|Any CPU
		{4CC279CF-CED1-4C21-AD86-CDE2AA2A96F8}.Debug|Any CPU.ActiveCfg = Debug|Any CPU
		{4CC279CF-CED1-4C21-AD86-CDE2AA2A96F8}.Debug|Any CPU.Build.0 = Debug|Any CPU
		{4CC279CF-CED1-4C21-AD86-CDE2AA2A96F8}.Release|Any CPU.ActiveCfg = Release|Any CPU
		{4CC279CF-CED1-4C21-AD86-CDE2AA2A96F8}.Release|Any CPU.Build.0 = Release|Any CPU
		{C4E098CD-4E32-4BF7-92F3-8E52C0E64FCF}.Debug|Any CPU.ActiveCfg = Debug|Any CPU
		{C4E098CD-4E32-4BF7-92F3-8E52C0E64FCF}.Debug|Any CPU.Build.0 = Debug|Any CPU
		{C4E098CD-4E32-4BF7-92F3-8E52C0E64FCF}.Release|Any CPU.ActiveCfg = Release|Any CPU
		{C4E098CD-4E32-4BF7-92F3-8E52C0E64FCF}.Release|Any CPU.Build.0 = Release|Any CPU
	EndGlobalSection
	GlobalSection(SolutionProperties) = preSolution
		HideSolutionNode = FALSE
	EndGlobalSection
	GlobalSection(NestedProjects) = preSolution
		{A5512014-5E1D-4959-A782-F6C3877D3A24} = {24377374-DE56-411A-8E00-7EE87E769CE9}
		{23DDFBD9-8F12-42AC-BB32-E740D90AE5C5} = {24377374-DE56-411A-8E00-7EE87E769CE9}
		{44FE86A2-4D0A-41F7-82C8-C8186FDA7182} = {24377374-DE56-411A-8E00-7EE87E769CE9}
		{5A6EB6BE-350F-4751-94BE-2D1BFCEAA987} = {24377374-DE56-411A-8E00-7EE87E769CE9}
		{E344A16C-3C11-44D2-91B1-623ACB116D55} = {24377374-DE56-411A-8E00-7EE87E769CE9}
		{C4E098CD-4E32-4BF7-92F3-8E52C0E64FCF} = {24377374-DE56-411A-8E00-7EE87E769CE9}
	EndGlobalSection
	GlobalSection(ExtensibilityGlobals) = postSolution
		SolutionGuid = {30CBD952-6787-4B0A-A65C-2DF6BD03C9A9}
	EndGlobalSection
EndGlobal
