
Microsoft Visual Studio Solution File, Format Version 12.00
# Visual Studio 15
VisualStudioVersion = 15.0.26730.8
MinimumVisualStudioVersion = 10.0.40219.1
Project("{2150E333-8FDC-42A3-9474-1A3956D46DE8}") = "1_Solution_Items", "1_Solution_Items", "{5FDABD34-7D69-4E78-8979-A20EF79F3895}"
	ProjectSection(SolutionItems) = preProject
		LICENSE.txt = LICENSE.txt
	EndProjectSection
EndProject
Project("{2150E333-8FDC-42A3-9474-1A3956D46DE8}") = "2_Src", "2_Src", "{8F17BA69-A4CB-4776-9E06-8EE16166C4EC}"
EndProject
Project("{2150E333-8FDC-42A3-9474-1A3956D46DE8}") = "3_Tests", "3_Tests", "{71B30615-84AE-4D1B-90D6-08882B886A62}"
EndProject
Project("{FAE04EC0-301F-11D3-BF4B-00C04F79EFBC}") = "Alternatives", "2_Src\Alternatives\Alternatives.csproj", "{43319258-F690-4DA8-ADB4-55B8D60D223D}"
EndProject
Project("{FAE04EC0-301F-11D3-BF4B-00C04F79EFBC}") = "Alternatives.UnitTest", "3_Tests\Alternatives.UnitTest\Alternatives.UnitTest.csproj", "{538E2358-E18D-433C-856E-B05B7F38AD4A}"
EndProject
Global
	GlobalSection(SolutionConfigurationPlatforms) = preSolution
		Debug|Any CPU = Debug|Any CPU
		Release|Any CPU = Release|Any CPU
	EndGlobalSection
	GlobalSection(ProjectConfigurationPlatforms) = postSolution
		{43319258-F690-4DA8-ADB4-55B8D60D223D}.Debug|Any CPU.ActiveCfg = Debug|Any CPU
		{43319258-F690-4DA8-ADB4-55B8D60D223D}.Debug|Any CPU.Build.0 = Debug|Any CPU
		{43319258-F690-4DA8-ADB4-55B8D60D223D}.Release|Any CPU.ActiveCfg = Release|Any CPU
		{43319258-F690-4DA8-ADB4-55B8D60D223D}.Release|Any CPU.Build.0 = Release|Any CPU
		{538E2358-E18D-433C-856E-B05B7F38AD4A}.Debug|Any CPU.ActiveCfg = Debug|Any CPU
		{538E2358-E18D-433C-856E-B05B7F38AD4A}.Debug|Any CPU.Build.0 = Debug|Any CPU
		{538E2358-E18D-433C-856E-B05B7F38AD4A}.Release|Any CPU.ActiveCfg = Release|Any CPU
		{538E2358-E18D-433C-856E-B05B7F38AD4A}.Release|Any CPU.Build.0 = Release|Any CPU
	EndGlobalSection
	GlobalSection(SolutionProperties) = preSolution
		HideSolutionNode = FALSE
	EndGlobalSection
	GlobalSection(NestedProjects) = preSolution
		{43319258-F690-4DA8-ADB4-55B8D60D223D} = {8F17BA69-A4CB-4776-9E06-8EE16166C4EC}
		{538E2358-E18D-433C-856E-B05B7F38AD4A} = {71B30615-84AE-4D1B-90D6-08882B886A62}
	EndGlobalSection
	GlobalSection(ExtensibilityGlobals) = postSolution
		SolutionGuid = {6A16B9B4-C0FB-4F21-9B3E-C5B69FC4BEFF}
	EndGlobalSection
EndGlobal
